<?xml version="1.0" encoding="UTF-8" standalone="yes" ?>
<CodeBlocks_project_file>
	<FileVersion major="1" minor="6" />
	<Project>
		<Option title="FluidSim" />
		<Option makefile="makefile" />
		<Option pch_mode="2" />
		<Option compiler="gcc" />
		<Build>
			<Target title="Debug">
				<Option output="bin/Debug/FluidSim" prefix_auto="1" extension_auto="1" />
				<Option object_output="obj/Debug/" />
				<Option type="1" />
				<Option compiler="gcc" />
				<Compiler>
					<Add option="-Wnon-virtual-dtor" />
					<Add option="-Wshadow" />
					<Add option="-Winit-self" />
					<Add option="-Wredundant-decls" />
					<Add option="-Wcast-align" />
					<Add option="-Wundef" />
					<Add option="-Wfloat-equal" />
					<Add option="-Winline" />
					<Add option="-Wunreachable-code" />
					<Add option="-Wmissing-declarations" />
					<Add option="-Wmissing-include-dirs" />
					<Add option="-Wswitch-enum" />
					<Add option="-Wswitch-default" />
					<Add option="-Weffc++" />
					<Add option="-Wmain" />
					<Add option="-Wextra" />
					<Add option="-Wall" />
					<Add option="-pg" />
					<Add option="-g" />
					<Add directory="inc" />
				</Compiler>
				<Linker>
					<Add option="-pg -lgmon" />
				</Linker>
			</Target>
			<Target title="Release">
				<Option output="bin/Release/FluidSim" prefix_auto="1" extension_auto="1" />
				<Option object_output="obj/Release/" />
				<Option type="1" />
				<Option compiler="gcc" />
				<Compiler>
					<Add option="-fomit-frame-pointer" />
					<Add option="-O" />
					<Add option="-Wfatal-errors" />
					<Add directory="include" />
				</Compiler>
				<Linker>
					<Add option="-s" />
				</Linker>
			</Target>
		</Build>
		<Compiler>
			<Add option="-std=c++11" />
			<Add option="-fexceptions" />
			<Add directory="C:/Development/SDL/SDL2-2.0.3/i686-w64-mingw32/include/SDL2" />
			<Add directory="C:/Development/SDL/SDL2_image-2.0.0/i686-w64-mingw32/include/SDL2" />
			<Add directory="C:/Development/SDL/SDL2_ttf-2.0.12/i686-w64-mingw32/include/SDL2" />
			<Add directory="C:/Development/SDL/SDL2_mixer-2.0.0/i686-w64-mingw32/include/SDL2" />
			<Add directory="C:/Development/SDL/SDL2_net-2.0.0/i686-w64-mingw32/include/SDL2" />
		</Compiler>
		<Linker>
			<Add option="-lmingw32 -lSDL2main -lSDL2 -lSDL2_image -lSDL2_ttf -lSDL2_mixer -lSDL2_net" />
			<Add directory="C:/Development/SDL/SDL2-2.0.3/i686-w64-mingw32/lib" />
			<Add directory="C:/Development/SDL/SDL2_image-2.0.0/i686-w64-mingw32/lib" />
			<Add directory="C:/Development/SDL/SDL2_ttf-2.0.12/i686-w64-mingw32/lib" />
			<Add directory="C:/Development/SDL/SDL2_mixer-2.0.0/i686-w64-mingw32/lib" />
			<Add directory="C:/Development/SDL/SDL2_net-2.0.0/i686-w64-mingw32/lib" />
		</Linker>
		<Unit filename="LICENSE/LICENSE.FLAC.txt" />
		<Unit filename="LICENSE/LICENSE.freetype.txt" />
		<Unit filename="LICENSE/LICENSE.jpeg.txt" />
		<Unit filename="LICENSE/LICENSE.modplug.txt" />
		<Unit filename="LICENSE/LICENSE.ogg-vorbis.txt" />
		<Unit filename="LICENSE/LICENSE.png.txt" />
		<Unit filename="LICENSE/LICENSE.smpeg.txt" />
		<Unit filename="LICENSE/LICENSE.tiff.txt" />
		<Unit filename="LICENSE/LICENSE.webp.txt" />
		<Unit filename="LICENSE/LICENSE.zlib.txt" />
		<Unit filename="doc/notes.text" />
		<Unit filename="inc/ICol2D.h" />
		<Unit filename="inc/cfield.h" />
		<Unit filename="inc/cfluid.h" />
		<Unit filename="inc/cg.h" />
		<Unit filename="inc/cmatrix.h" />
		<Unit filename="inc/field.hpp" />
		<Unit filename="inc/floatvec.hpp" />
		<Unit filename="inc/fluid.hpp" />
		<Unit filename="inc/gridsimulator.h" />
		<Unit filename="inc/liquidsim.h" />
		<Unit filename="inc/main.hpp" />
		<Unit filename="inc/potentionalfield.hpp" />
		<Unit filename="inc/renderer.hpp" />
		<Unit filename="inc/sdl.hpp" />
		<Unit filename="inc/sdlerror.hpp" />
		<Unit filename="inc/sdlimgerror.hpp" />
		<Unit filename="inc/sdltexture.hpp" />
		<Unit filename="inc/vector2.h" />
		<Unit filename="inc/vectorfield.h" />
		<Unit filename="main.cpp" />
		<Unit filename="res/fluid.rest.cpp.txt" />
		<Unit filename="res/svg.c.txt" />
		<Unit filename="src/cfield.cpp">
			<Option compile="0" />
			<Option link="0" />
		</Unit>
		<Unit filename="src/cfluid.cpp">
			<Option compile="0" />
			<Option link="0" />
		</Unit>
		<Unit filename="src/cmatrix.cpp">
			<Option compile="0" />
			<Option link="0" />
		</Unit>
		<Unit filename="src/field.cpp">
			<Option compile="0" />
			<Option link="0" />
		</Unit>
		<Unit filename="src/floatvec.cpp" />
		<Unit filename="src/floatvec_operators_reference.cpp" />
		<Unit filename="src/floatvec_operators_value.cpp" />
		<Unit filename="src/fluid.cpp">
			<Option compile="0" />
			<Option link="0" />
		</Unit>
		<Unit filename="src/liquidsim.cpp" />
		<Unit filename="src/potentionalfield.cpp">
			<Option compile="0" />
			<Option link="0" />
		</Unit>
		<Unit filename="src/renderer.cpp" />
		<Unit filename="src/sdl.cpp" />
		<Unit filename="src/sdlerror.cpp" />
		<Unit filename="src/sdlimgerror.cpp" />
		<Unit filename="src/sdltexture.cpp" />
		<Unit filename="src/vectorfield.cpp">
			<Option compile="0" />
			<Option link="0" />
		</Unit>
		<Extensions>
			<code_completion />
			<envvars />
			<debugger />
			<lib_finder disable_auto="1" />
		</Extensions>
	</Project>
</CodeBlocks_project_file>
